
Microsoft Visual Studio Solution File, Format Version 12.00
# Visual Studio 15
VisualStudioVersion = 15.0.26228.9
MinimumVisualStudioVersion = 10.0.40219.1
Project("{FAE04EC0-301F-11D3-BF4B-00C04F79EFBC}") = "0.01_Intro", "0.01_Intro\0.01_Intro.csproj", "{15EC0647-CA92-4191-9A37-CC1F2A82DEDB}"
EndProject
Project("{FAE04EC0-301F-11D3-BF4B-00C04F79EFBC}") = "0.02_BasicTypes", "0.02_BasicTypes\0.02_BasicTypes.csproj", "{8EE3B950-8D83-418C-A6DC-0AA1B9CD1E0F}"
EndProject
Project("{FAE04EC0-301F-11D3-BF4B-00C04F79EFBC}") = "0.02_BasicTypes_Challenges", "0.02_BasicTypes_Challenges\0.02_BasicTypes_Challenges.csproj", "{E2B695A7-B572-4BE6-BE92-29162D66E350}"
EndProject
Project("{FAE04EC0-301F-11D3-BF4B-00C04F79EFBC}") = "0.03_Strings", "0.03_Strings\0.03_Strings.csproj", "{62107369-59B8-45B9-A2AC-8263FF777960}"
EndProject
Project("{FAE04EC0-301F-11D3-BF4B-00C04F79EFBC}") = "0.04_conditionals", "0.04_conditionals\0.04_conditionals.csproj", "{62578823-07B8-41C0-A282-6E98A7322E81}"
EndProject
Project("{FAE04EC0-301F-11D3-BF4B-00C04F79EFBC}") = "0.04_conditionals_if_else", "0.04_conditionals_if_else\0.04_conditionals_if_else.csproj", "{D522F260-FEF2-481D-82CD-38AF3F999B32}"
EndProject
Project("{FAE04EC0-301F-11D3-BF4B-00C04F79EFBC}") = "0.04_conditional_else_if", "0.04_conditional_else_if\0.04_conditional_else_if.csproj", "{E8C891BE-9287-460A-AB09-EDE752BF1D58}"
EndProject
Project("{FAE04EC0-301F-11D3-BF4B-00C04F79EFBC}") = "0.04_Conditionals_Readline", "0.04_Conditionals_Readline\0.04_Conditionals_Readline.csproj", "{686F88C3-6375-4D3B-A12E-3BACFA577B78}"
EndProject
Project("{FAE04EC0-301F-11D3-BF4B-00C04F79EFBC}") = "0.04_conditionals_switch", "0.04_conditionals_switch\0.04_conditionals_switch.csproj", "{96A554E2-FCF0-45F5-B48A-8880DFC0B9B8}"
EndProject
Project("{FAE04EC0-301F-11D3-BF4B-00C04F79EFBC}") = "0.04_Conditionals_Ternary", "0.04_Conditionals_Ternary\0.04_Conditionals_Ternary.csproj", "{F6C741EB-A585-4432-AA01-6CFF050D1FAB}"
EndProject
Project("{FAE04EC0-301F-11D3-BF4B-00C04F79EFBC}") = "0.05_Objects", "0.05_Objects\0.05_Objects.csproj", "{8B1265C1-F914-43BE-8BF3-31BE1270081D}"
EndProject
Project("{FAE04EC0-301F-11D3-BF4B-00C04F79EFBC}") = "0.05_Objects_Challenge", "0.05_Objects_Challenge\0.05_Objects_Challenge.csproj", "{9F10E173-9401-4B2F-AC30-4D80BD93407A}"
EndProject
Project("{FAE04EC0-301F-11D3-BF4B-00C04F79EFBC}") = "0.06_Methods", "0.06_Methods\0.06_Methods.csproj", "{F630B018-65AC-494E-BA88-5167DF670292}"
EndProject
Project("{FAE04EC0-301F-11D3-BF4B-00C04F79EFBC}") = "0.06_Methods_Challenge_Netflix", "0.06_Methods_Challenge_Netflix\0.06_Methods_Challenge_Netflix.csproj", "{A4489ED0-03D7-43CA-9964-A8F8DCB06948}"
EndProject
Project("{FAE04EC0-301F-11D3-BF4B-00C04F79EFBC}") = "0.06_methods_Minutes_Challenge", "0.06_methods_Minutes_Challenge\0.06_methods_Minutes_Challenge.csproj", "{7891A992-9B90-43F3-B1AE-7E59EF3453DA}"
EndProject
Project("{FAE04EC0-301F-11D3-BF4B-00C04F79EFBC}") = "0.08_methods_overloading", "0.08_methods_overloading\0.08_methods_overloading.csproj", "{5D632671-2C18-403E-9590-B13FF5AB0B2E}"
EndProject
Global
	GlobalSection(SolutionConfigurationPlatforms) = preSolution
		Debug|Any CPU = Debug|Any CPU
		Release|Any CPU = Release|Any CPU
	EndGlobalSection
	GlobalSection(ProjectConfigurationPlatforms) = postSolution
		{15EC0647-CA92-4191-9A37-CC1F2A82DEDB}.Debug|Any CPU.ActiveCfg = Debug|Any CPU
		{15EC0647-CA92-4191-9A37-CC1F2A82DEDB}.Debug|Any CPU.Build.0 = Debug|Any CPU
		{15EC0647-CA92-4191-9A37-CC1F2A82DEDB}.Release|Any CPU.ActiveCfg = Release|Any CPU
		{15EC0647-CA92-4191-9A37-CC1F2A82DEDB}.Release|Any CPU.Build.0 = Release|Any CPU
		{8EE3B950-8D83-418C-A6DC-0AA1B9CD1E0F}.Debug|Any CPU.ActiveCfg = Debug|Any CPU
		{8EE3B950-8D83-418C-A6DC-0AA1B9CD1E0F}.Debug|Any CPU.Build.0 = Debug|Any CPU
		{8EE3B950-8D83-418C-A6DC-0AA1B9CD1E0F}.Release|Any CPU.ActiveCfg = Release|Any CPU
		{8EE3B950-8D83-418C-A6DC-0AA1B9CD1E0F}.Release|Any CPU.Build.0 = Release|Any CPU
		{E2B695A7-B572-4BE6-BE92-29162D66E350}.Debug|Any CPU.ActiveCfg = Debug|Any CPU
		{E2B695A7-B572-4BE6-BE92-29162D66E350}.Debug|Any CPU.Build.0 = Debug|Any CPU
		{E2B695A7-B572-4BE6-BE92-29162D66E350}.Release|Any CPU.ActiveCfg = Release|Any CPU
		{E2B695A7-B572-4BE6-BE92-29162D66E350}.Release|Any CPU.Build.0 = Release|Any CPU
		{62107369-59B8-45B9-A2AC-8263FF777960}.Debug|Any CPU.ActiveCfg = Debug|Any CPU
		{62107369-59B8-45B9-A2AC-8263FF777960}.Debug|Any CPU.Build.0 = Debug|Any CPU
		{62107369-59B8-45B9-A2AC-8263FF777960}.Release|Any CPU.ActiveCfg = Release|Any CPU
		{62107369-59B8-45B9-A2AC-8263FF777960}.Release|Any CPU.Build.0 = Release|Any CPU
		{62578823-07B8-41C0-A282-6E98A7322E81}.Debug|Any CPU.ActiveCfg = Debug|Any CPU
		{62578823-07B8-41C0-A282-6E98A7322E81}.Debug|Any CPU.Build.0 = Debug|Any CPU
		{62578823-07B8-41C0-A282-6E98A7322E81}.Release|Any CPU.ActiveCfg = Release|Any CPU
		{62578823-07B8-41C0-A282-6E98A7322E81}.Release|Any CPU.Build.0 = Release|Any CPU
		{D522F260-FEF2-481D-82CD-38AF3F999B32}.Debug|Any CPU.ActiveCfg = Debug|Any CPU
		{D522F260-FEF2-481D-82CD-38AF3F999B32}.Debug|Any CPU.Build.0 = Debug|Any CPU
		{D522F260-FEF2-481D-82CD-38AF3F999B32}.Release|Any CPU.ActiveCfg = Release|Any CPU
		{D522F260-FEF2-481D-82CD-38AF3F999B32}.Release|Any CPU.Build.0 = Release|Any CPU
		{E8C891BE-9287-460A-AB09-EDE752BF1D58}.Debug|Any CPU.ActiveCfg = Debug|Any CPU
		{E8C891BE-9287-460A-AB09-EDE752BF1D58}.Debug|Any CPU.Build.0 = Debug|Any CPU
		{E8C891BE-9287-460A-AB09-EDE752BF1D58}.Release|Any CPU.ActiveCfg = Release|Any CPU
		{E8C891BE-9287-460A-AB09-EDE752BF1D58}.Release|Any CPU.Build.0 = Release|Any CPU
		{686F88C3-6375-4D3B-A12E-3BACFA577B78}.Debug|Any CPU.ActiveCfg = Debug|Any CPU
		{686F88C3-6375-4D3B-A12E-3BACFA577B78}.Debug|Any CPU.Build.0 = Debug|Any CPU
		{686F88C3-6375-4D3B-A12E-3BACFA577B78}.Release|Any CPU.ActiveCfg = Release|Any CPU
		{686F88C3-6375-4D3B-A12E-3BACFA577B78}.Release|Any CPU.Build.0 = Release|Any CPU
		{96A554E2-FCF0-45F5-B48A-8880DFC0B9B8}.Debug|Any CPU.ActiveCfg = Debug|Any CPU
		{96A554E2-FCF0-45F5-B48A-8880DFC0B9B8}.Debug|Any CPU.Build.0 = Debug|Any CPU
		{96A554E2-FCF0-45F5-B48A-8880DFC0B9B8}.Release|Any CPU.ActiveCfg = Release|Any CPU
		{96A554E2-FCF0-45F5-B48A-8880DFC0B9B8}.Release|Any CPU.Build.0 = Release|Any CPU
		{F6C741EB-A585-4432-AA01-6CFF050D1FAB}.Debug|Any CPU.ActiveCfg = Debug|Any CPU
		{F6C741EB-A585-4432-AA01-6CFF050D1FAB}.Debug|Any CPU.Build.0 = Debug|Any CPU
		{F6C741EB-A585-4432-AA01-6CFF050D1FAB}.Release|Any CPU.ActiveCfg = Release|Any CPU
		{F6C741EB-A585-4432-AA01-6CFF050D1FAB}.Release|Any CPU.Build.0 = Release|Any CPU
		{8B1265C1-F914-43BE-8BF3-31BE1270081D}.Debug|Any CPU.ActiveCfg = Debug|Any CPU
		{8B1265C1-F914-43BE-8BF3-31BE1270081D}.Debug|Any CPU.Build.0 = Debug|Any CPU
		{8B1265C1-F914-43BE-8BF3-31BE1270081D}.Release|Any CPU.ActiveCfg = Release|Any CPU
		{8B1265C1-F914-43BE-8BF3-31BE1270081D}.Release|Any CPU.Build.0 = Release|Any CPU
		{9F10E173-9401-4B2F-AC30-4D80BD93407A}.Debug|Any CPU.ActiveCfg = Debug|Any CPU
		{9F10E173-9401-4B2F-AC30-4D80BD93407A}.Debug|Any CPU.Build.0 = Debug|Any CPU
		{9F10E173-9401-4B2F-AC30-4D80BD93407A}.Release|Any CPU.ActiveCfg = Release|Any CPU
		{9F10E173-9401-4B2F-AC30-4D80BD93407A}.Release|Any CPU.Build.0 = Release|Any CPU
		{F630B018-65AC-494E-BA88-5167DF670292}.Debug|Any CPU.ActiveCfg = Debug|Any CPU
		{F630B018-65AC-494E-BA88-5167DF670292}.Debug|Any CPU.Build.0 = Debug|Any CPU
		{F630B018-65AC-494E-BA88-5167DF670292}.Release|Any CPU.ActiveCfg = Release|Any CPU
		{F630B018-65AC-494E-BA88-5167DF670292}.Release|Any CPU.Build.0 = Release|Any CPU
		{A4489ED0-03D7-43CA-9964-A8F8DCB06948}.Debug|Any CPU.ActiveCfg = Debug|Any CPU
		{A4489ED0-03D7-43CA-9964-A8F8DCB06948}.Debug|Any CPU.Build.0 = Debug|Any CPU
		{A4489ED0-03D7-43CA-9964-A8F8DCB06948}.Release|Any CPU.ActiveCfg = Release|Any CPU
		{A4489ED0-03D7-43CA-9964-A8F8DCB06948}.Release|Any CPU.Build.0 = Release|Any CPU
		{7891A992-9B90-43F3-B1AE-7E59EF3453DA}.Debug|Any CPU.ActiveCfg = Debug|Any CPU
		{7891A992-9B90-43F3-B1AE-7E59EF3453DA}.Debug|Any CPU.Build.0 = Debug|Any CPU
		{7891A992-9B90-43F3-B1AE-7E59EF3453DA}.Release|Any CPU.ActiveCfg = Release|Any CPU
		{7891A992-9B90-43F3-B1AE-7E59EF3453DA}.Release|Any CPU.Build.0 = Release|Any CPU
		{5D632671-2C18-403E-9590-B13FF5AB0B2E}.Debug|Any CPU.ActiveCfg = Debug|Any CPU
		{5D632671-2C18-403E-9590-B13FF5AB0B2E}.Debug|Any CPU.Build.0 = Debug|Any CPU
		{5D632671-2C18-403E-9590-B13FF5AB0B2E}.Release|Any CPU.ActiveCfg = Release|Any CPU
		{5D632671-2C18-403E-9590-B13FF5AB0B2E}.Release|Any CPU.Build.0 = Release|Any CPU
	EndGlobalSection
	GlobalSection(SolutionProperties) = preSolution
		HideSolutionNode = FALSE
	EndGlobalSection
EndGlobal
